// !$*UTF8*$!
{
	archiveVersion = 1;
	classes = {
	};
	objectVersion = 50;
	objects = {

/* Begin PBXBuildFile section */
		A1D995712534AE3800447255 /* AppDelegate.swift in Sources */ = {isa = PBXBuildFile; fileRef = A1D995702534AE3800447255 /* AppDelegate.swift */; };
		A1D995732534AE3800447255 /* SceneDelegate.swift in Sources */ = {isa = PBXBuildFile; fileRef = A1D995722534AE3800447255 /* SceneDelegate.swift */; };
		A1D995752534AE3800447255 /* ViewController.swift in Sources */ = {isa = PBXBuildFile; fileRef = A1D995742534AE3800447255 /* ViewController.swift */; };
		A1D995782534AE3800447255 /* Main.storyboard in Resources */ = {isa = PBXBuildFile; fileRef = A1D995762534AE3800447255 /* Main.storyboard */; };
		A1D9957A2534AE3C00447255 /* Assets.xcassets in Resources */ = {isa = PBXBuildFile; fileRef = A1D995792534AE3C00447255 /* Assets.xcassets */; };
		A1D9957D2534AE3C00447255 /* LaunchScreen.storyboard in Resources */ = {isa = PBXBuildFile; fileRef = A1D9957B2534AE3C00447255 /* LaunchScreen.storyboard */; };
		A1D995872534BF7B00447255 /* PurcharseView.swift in Sources */ = {isa = PBXBuildFile; fileRef = A1D995862534BF7B00447255 /* PurcharseView.swift */; };
/* End PBXBuildFile section */

/* Begin PBXFileReference section */
		A1D9956D2534AE3800447255 /* NikitaSosyuk.app */ = {isa = PBXFileReference; explicitFileType = wrapper.application; includeInIndex = 0; path = NikitaSosyuk.app; sourceTree = BUILT_PRODUCTS_DIR; };
		A1D995702534AE3800447255 /* AppDelegate.swift */ = {isa = PBXFileReference; lastKnownFileType = sourcecode.swift; path = AppDelegate.swift; sourceTree = "<group>"; };
		A1D995722534AE3800447255 /* SceneDelegate.swift */ = {isa = PBXFileReference; lastKnownFileType = sourcecode.swift; path = SceneDelegate.swift; sourceTree = "<group>"; };
		A1D995742534AE3800447255 /* ViewController.swift */ = {isa = PBXFileReference; lastKnownFileType = sourcecode.swift; path = ViewController.swift; sourceTree = "<group>"; };
		A1D995772534AE3800447255 /* Base */ = {isa = PBXFileReference; lastKnownFileType = file.storyboard; name = Base; path = Base.lproj/Main.storyboard; sourceTree = "<group>"; };
		A1D995792534AE3C00447255 /* Assets.xcassets */ = {isa = PBXFileReference; lastKnownFileType = folder.assetcatalog; path = Assets.xcassets; sourceTree = "<group>"; };
		A1D9957C2534AE3C00447255 /* Base */ = {isa = PBXFileReference; lastKnownFileType = file.storyboard; name = Base; path = Base.lproj/LaunchScreen.storyboard; sourceTree = "<group>"; };
		A1D9957E2534AE3C00447255 /* Info.plist */ = {isa = PBXFileReference; lastKnownFileType = text.plist.xml; path = Info.plist; sourceTree = "<group>"; };
		A1D995862534BF7B00447255 /* PurcharseView.swift */ = {isa = PBXFileReference; lastKnownFileType = sourcecode.swift; path = PurcharseView.swift; sourceTree = "<group>"; };
/* End PBXFileReference section */

/* Begin PBXFrameworksBuildPhase section */
		A1D9956A2534AE3800447255 /* Frameworks */ = {
			isa = PBXFrameworksBuildPhase;
			buildActionMask = 2147483647;
			files = (
			);
			runOnlyForDeploymentPostprocessing = 0;
		};
/* End PBXFrameworksBuildPhase section */

/* Begin PBXGroup section */
		A1D995642534AE3800447255 = {
			isa = PBXGroup;
			children = (
				A1D9956F2534AE3800447255 /* NikitaSosyuk */,
				A1D9956E2534AE3800447255 /* Products */,
			);
			sourceTree = "<group>";
		};
		A1D9956E2534AE3800447255 /* Products */ = {
			isa = PBXGroup;
			children = (
				A1D9956D2534AE3800447255 /* NikitaSosyuk.app */,
			);
			name = Products;
			sourceTree = "<group>";
		};
		A1D9956F2534AE3800447255 /* NikitaSosyuk */ = {
			isa = PBXGroup;
			children = (
				A1D995702534AE3800447255 /* AppDelegate.swift */,
				A1D995722534AE3800447255 /* SceneDelegate.swift */,
				A1D995742534AE3800447255 /* ViewController.swift */,
				A1D995762534AE3800447255 /* Main.storyboard */,
				A1D995792534AE3C00447255 /* Assets.xcassets */,
				A1D9957B2534AE3C00447255 /* LaunchScreen.storyboard */,
				A1D9957E2534AE3C00447255 /* Info.plist */,
				A1D995862534BF7B00447255 /* PurcharseView.swift */,
			);
			path = NikitaSosyuk;
			sourceTree = "<group>";
		};
/* End PBXGroup section */

/* Begin PBXNativeTarget section */
		A1D9956C2534AE3800447255 /* NikitaSosyuk */ = {
			isa = PBXNativeTarget;
			buildConfigurationList = A1D995812534AE3C00447255 /* Build configuration list for PBXNativeTarget "NikitaSosyuk" */;
			buildPhases = (
				A1D995692534AE3800447255 /* Sources */,
				A1D9956A2534AE3800447255 /* Frameworks */,
				A1D9956B2534AE3800447255 /* Resources */,
			);
			buildRules = (
			);
			dependencies = (
			);
			name = NikitaSosyuk;
			productName = NikitaSosyuk;
			productReference = A1D9956D2534AE3800447255 /* NikitaSosyuk.app */;
			productType = "com.apple.product-type.application";
		};
/* End PBXNativeTarget section */

/* Begin PBXProject section */
		A1D995652534AE3800447255 /* Project object */ = {
			isa = PBXProject;
			attributes = {
				LastSwiftUpdateCheck = 1160;
				LastUpgradeCheck = 1160;
				ORGANIZATIONNAME = "Nikita Sosyuk";
				TargetAttributes = {
					A1D9956C2534AE3800447255 = {
						CreatedOnToolsVersion = 11.6;
					};
				};
			};
			buildConfigurationList = A1D995682534AE3800447255 /* Build configuration list for PBXProject "NikitaSosyuk" */;
			compatibilityVersion = "Xcode 9.3";
			developmentRegion = en;
			hasScannedForEncodings = 0;
			knownRegions = (
				en,
				Base,
			);
			mainGroup = A1D995642534AE3800447255;
			productRefGroup = A1D9956E2534AE3800447255 /* Products */;
			projectDirPath = "";
			projectRoot = "";
			targets = (
				A1D9956C2534AE3800447255 /* NikitaSosyuk */,
			);
		};
/* End PBXProject section */

/* Begin PBXResourcesBuildPhase section */
		A1D9956B2534AE3800447255 /* Resources */ = {
			isa = PBXResourcesBuildPhase;
			buildActionMask = 2147483647;
			files = (
				A1D9957D2534AE3C00447255 /* LaunchScreen.storyboard in Resources */,
				A1D9957A2534AE3C00447255 /* Assets.xcassets in Resources */,
				A1D995782534AE3800447255 /* Main.storyboard in Resources */,
			);
			runOnlyForDeploymentPostprocessing = 0;
		};
/* End PBXResourcesBuildPhase section */

/* Begin PBXSourcesBuildPhase section */
		A1D995692534AE3800447255 /* Sources */ = {
			isa = PBXSourcesBuildPhase;
			buildActionMask = 2147483647;
			files = (
				A1D995752534AE3800447255 /* ViewController.swift in Sources */,
				A1D995712534AE3800447255 /* AppDelegate.swift in Sources */,
				A1D995872534BF7B00447255 /* PurcharseView.swift in Sources */,
				A1D995732534AE3800447255 /* SceneDelegate.swift in Sources */,
			);
			runOnlyForDeploymentPostprocessing = 0;
		};
/* End PBXSourcesBuildPhase section */

/* Begin PBXVariantGroup section */
		A1D995762534AE3800447255 /* Main.storyboard */ = {
			isa = PBXVariantGroup;
			children = (
				A1D995772534AE3800447255 /* Base */,
			);
			name = Main.storyboard;
			sourceTree = "<group>";
		};
		A1D9957B2534AE3C00447255 /* LaunchScreen.storyboard */ = {
			isa = PBXVariantGroup;
			children = (
				A1D9957C2534AE3C00447255 /* Base */,
			);
			name = LaunchScreen.storyboard;
			sourceTree = "<group>";
		};
/* End PBXVariantGroup section */

/* Begin XCBuildConfiguration section */
		A1D9957F2534AE3C00447255 /* Debug */ = {
			isa = XCBuildConfiguration;
			buildSettings = {
				ALWAYS_SEARCH_USER_PATHS = NO;
				CLANG_ANALYZER_NONNULL = YES;
				CLANG_ANALYZER_NUMBER_OBJECT_CONVERSION = YES_AGGRESSIVE;
				CLANG_CXX_LANGUAGE_STANDARD = "gnu++14";
				CLANG_CXX_LIBRARY = "libc++";
				CLANG_ENABLE_MODULES = YES;
				CLANG_ENABLE_OBJC_ARC = YES;
				CLANG_ENABLE_OBJC_WEAK = YES;
				CLANG_WARN_BLOCK_CAPTURE_AUTORELEASING = YES;
				CLANG_WARN_BOOL_CONVERSION = YES;
				CLANG_WARN_COMMA = YES;
				CLANG_WARN_CONSTANT_CONVERSION = YES;
				CLANG_WARN_DEPRECATED_OBJC_IMPLEMENTATIONS = YES;
				CLANG_WARN_DIRECT_OBJC_ISA_USAGE = YES_ERROR;
				CLANG_WARN_DOCUMENTATION_COMMENTS = YES;
				CLANG_WARN_EMPTY_BODY = YES;
				CLANG_WARN_ENUM_CONVERSION = YES;
				CLANG_WARN_INFINITE_RECURSION = YES;
				CLANG_WARN_INT_CONVERSION = YES;
				CLANG_WARN_NON_LITERAL_NULL_CONVERSION = YES;
				CLANG_WARN_OBJC_IMPLICIT_RETAIN_SELF = YES;
				CLANG_WARN_OBJC_LITERAL_CONVERSION = YES;
				CLANG_WARN_OBJC_ROOT_CLASS = YES_ERROR;
				CLANG_WARN_RANGE_LOOP_ANALYSIS = YES;
				CLANG_WARN_STRICT_PROTOTYPES = YES;
				CLANG_WARN_SUSPICIOUS_MOVE = YES;
				CLANG_WARN_UNGUARDED_AVAILABILITY = YES_AGGRESSIVE;
				CLANG_WARN_UNREACHABLE_CODE = YES;
				CLANG_WARN__DUPLICATE_METHOD_MATCH = YES;
				COPY_PHASE_STRIP = NO;
				DEBUG_INFORMATION_FORMAT = dwarf;
				ENABLE_STRICT_OBJC_MSGSEND = YES;
				ENABLE_TESTABILITY = YES;
				GCC_C_LANGUAGE_STANDARD = gnu11;
				GCC_DYNAMIC_NO_PIC = NO;
				GCC_NO_COMMON_BLOCKS = YES;
				GCC_OPTIMIZATION_LEVEL = 0;
				GCC_PREPROCESSOR_DEFINITIONS = (
					"DEBUG=1",
					"$(inherited)",
				);
				GCC_WARN_64_TO_32_BIT_CONVERSION = YES;
				GCC_WARN_ABOUT_RETURN_TYPE = YES_ERROR;
				GCC_WARN_UNDECLARED_SELECTOR = YES;
				GCC_WARN_UNINITIALIZED_AUTOS = YES_AGGRESSIVE;
				GCC_WARN_UNUSED_FUNCTION = YES;
				GCC_WARN_UNUSED_VARIABLE = YES;
				IPHONEOS_DEPLOYMENT_TARGET = 13.6;
				MTL_ENABLE_DEBUG_INFO = INCLUDE_SOURCE;
				MTL_FAST_MATH = YES;
				ONLY_ACTIVE_ARCH = YES;
				SDKROOT = iphoneos;
				SWIFT_ACTIVE_COMPILATION_CONDITIONS = DEBUG;
				SWIFT_OPTIMIZATION_LEVEL = "-Onone";
			};
			name = Debug;
		};
		A1D995802534AE3C00447255 /* Release */ = {
			isa = XCBuildConfiguration;
			buildSettings = {
				ALWAYS_SEARCH_USER_PATHS = NO;
				CLANG_ANALYZER_NONNULL = YES;
				CLANG_ANALYZER_NUMBER_OBJECT_CONVERSION = YES_AGGRESSIVE;
				CLANG_CXX_LANGUAGE_STANDARD = "gnu++14";
				CLANG_CXX_LIBRARY = "libc++";
				CLANG_ENABLE_MODULES = YES;
				CLANG_ENABLE_OBJC_ARC = YES;
				CLANG_ENABLE_OBJC_WEAK = YES;
				CLANG_WARN_BLOCK_CAPTURE_AUTORELEASING = YES;
				CLANG_WARN_BOOL_CONVERSION = YES;
				CLANG_WARN_COMMA = YES;
				CLANG_WARN_CONSTANT_CONVERSION = YES;
				CLANG_WARN_DEPRECATED_OBJC_IMPLEMENTATIONS = YES;
				CLANG_WARN_DIRECT_OBJC_ISA_USAGE = YES_ERROR;
				CLANG_WARN_DOCUMENTATION_COMMENTS = YES;
				CLANG_WARN_EMPTY_BODY = YES;
				CLANG_WARN_ENUM_CONVERSION = YES;
				CLANG_WARN_INFINITE_RECURSION = YES;
				CLANG_WARN_INT_CONVERSION = YES;
				CLANG_WARN_NON_LITERAL_NULL_CONVERSION = YES;
				CLANG_WARN_OBJC_IMPLICIT_RETAIN_SELF = YES;
				CLANG_WARN_OBJC_LITERAL_CONVERSION = YES;
				CLANG_WARN_OBJC_ROOT_CLASS = YES_ERROR;
				CLANG_WARN_RANGE_LOOP_ANALYSIS = YES;
				CLANG_WARN_STRICT_PROTOTYPES = YES;
				CLANG_WARN_SUSPICIOUS_MOVE = YES;
				CLANG_WARN_UNGUARDED_AVAILABILITY = YES_AGGRESSIVE;
				CLANG_WARN_UNREACHABLE_CODE = YES;
				CLANG_WARN__DUPLICATE_METHOD_MATCH = YES;
				COPY_PHASE_STRIP = NO;
				DEBUG_INFORMATION_FORMAT = "dwarf-with-dsym";
				ENABLE_NS_ASSERTIONS = NO;
				ENABLE_STRICT_OBJC_MSGSEND = YES;
				GCC_C_LANGUAGE_STANDARD = gnu11;
				GCC_NO_COMMON_BLOCKS = YES;
				GCC_WARN_64_TO_32_BIT_CONVERSION = YES;
				GCC_WARN_ABOUT_RETURN_TYPE = YES_ERROR;
				GCC_WARN_UNDECLARED_SELECTOR = YES;
				GCC_WARN_UNINITIALIZED_AUTOS = YES_AGGRESSIVE;
				GCC_WARN_UNUSED_FUNCTION = YES;
				GCC_WARN_UNUSED_VARIABLE = YES;
				IPHONEOS_DEPLOYMENT_TARGET = 13.6;
				MTL_ENABLE_DEBUG_INFO = NO;
				MTL_FAST_MATH = YES;
				SDKROOT = iphoneos;
				SWIFT_COMPILATION_MODE = wholemodule;
				SWIFT_OPTIMIZATION_LEVEL = "-O";
				VALIDATE_PRODUCT = YES;
			};
			name = Release;
		};
		A1D995822534AE3C00447255 /* Debug */ = {
			isa = XCBuildConfiguration;
			buildSettings = {
				ASSETCATALOG_COMPILER_APPICON_NAME = AppIcon;
				CODE_SIGN_STYLE = Automatic;
				DEVELOPMENT_TEAM = U72T7VXNG3;
				INFOPLIST_FILE = NikitaSosyuk/Info.plist;
				LD_RUNPATH_SEARCH_PATHS = (
					"$(inherited)",
					"@executable_path/Frameworks",
				);
				PRODUCT_BUNDLE_IDENTIFIER = com.itis.NikitaSosyuk;
				PRODUCT_NAME = "$(TARGET_NAME)";
				SWIFT_VERSION = 5.0;
				TARGETED_DEVICE_FAMILY = "1,2";
			};
			name = Debug;
		};
		A1D995832534AE3C00447255 /* Release */ = {
			isa = XCBuildConfiguration;
			buildSettings = {
				ASSETCATALOG_COMPILER_APPICON_NAME = AppIcon;
				CODE_SIGN_STYLE = Automatic;
				DEVELOPMENT_TEAM = U72T7VXNG3;
				INFOPLIST_FILE = NikitaSosyuk/Info.plist;
				LD_RUNPATH_SEARCH_PATHS = (
					"$(inherited)",
					"@executable_path/Frameworks",
				);
				PRODUCT_BUNDLE_IDENTIFIER = com.itis.NikitaSosyuk;
				PRODUCT_NAME = "$(TARGET_NAME)";
				SWIFT_VERSION = 5.0;
				TARGETED_DEVICE_FAMILY = "1,2";
			};
			name = Release;
		};
/* End XCBuildConfiguration section */

/* Begin XCConfigurationList section */
		A1D995682534AE3800447255 /* Build configuration list for PBXProject "NikitaSosyuk" */ = {
			isa = XCConfigurationList;
			buildConfigurations = (
				A1D9957F2534AE3C00447255 /* Debug */,
				A1D995802534AE3C00447255 /* Release */,
			);
			defaultConfigurationIsVisible = 0;
			defaultConfigurationName = Release;
		};
		A1D995812534AE3C00447255 /* Build configuration list for PBXNativeTarget "NikitaSosyuk" */ = {
			isa = XCConfigurationList;
			buildConfigurations = (
				A1D995822534AE3C00447255 /* Debug */,
				A1D995832534AE3C00447255 /* Release */,
			);
			defaultConfigurationIsVisible = 0;
			defaultConfigurationName = Release;
		};
/* End XCConfigurationList section */
	};
	rootObject = A1D995652534AE3800447255 /* Project object */;
}
