// !$*UTF8*$!
{
	archiveVersion = 1;
	classes = {
	};
	objectVersion = 50;
	objects = {

/* Begin PBXBuildFile section */
		EDECEBE92534AD9A0059B9AE /* AppDelegate.swift in Sources */ = {isa = PBXBuildFile; fileRef = EDECEBE82534AD9A0059B9AE /* AppDelegate.swift */; };
		EDECEBEB2534AD9A0059B9AE /* SceneDelegate.swift in Sources */ = {isa = PBXBuildFile; fileRef = EDECEBEA2534AD9A0059B9AE /* SceneDelegate.swift */; };
		EDECEBED2534AD9A0059B9AE /* ViewController.swift in Sources */ = {isa = PBXBuildFile; fileRef = EDECEBEC2534AD9A0059B9AE /* ViewController.swift */; };
		EDECEBF02534AD9A0059B9AE /* Main.storyboard in Resources */ = {isa = PBXBuildFile; fileRef = EDECEBEE2534AD9A0059B9AE /* Main.storyboard */; };
		EDECEBF22534AD9E0059B9AE /* Assets.xcassets in Resources */ = {isa = PBXBuildFile; fileRef = EDECEBF12534AD9E0059B9AE /* Assets.xcassets */; };
		EDECEBF52534AD9E0059B9AE /* LaunchScreen.storyboard in Resources */ = {isa = PBXBuildFile; fileRef = EDECEBF32534AD9E0059B9AE /* LaunchScreen.storyboard */; };
/* End PBXBuildFile section */

/* Begin PBXFileReference section */
		EDECEBE52534AD9A0059B9AE /* ControlWork.app */ = {isa = PBXFileReference; explicitFileType = wrapper.application; includeInIndex = 0; path = ControlWork.app; sourceTree = BUILT_PRODUCTS_DIR; };
		EDECEBE82534AD9A0059B9AE /* AppDelegate.swift */ = {isa = PBXFileReference; lastKnownFileType = sourcecode.swift; path = AppDelegate.swift; sourceTree = "<group>"; };
		EDECEBEA2534AD9A0059B9AE /* SceneDelegate.swift */ = {isa = PBXFileReference; lastKnownFileType = sourcecode.swift; path = SceneDelegate.swift; sourceTree = "<group>"; };
		EDECEBEC2534AD9A0059B9AE /* ViewController.swift */ = {isa = PBXFileReference; lastKnownFileType = sourcecode.swift; path = ViewController.swift; sourceTree = "<group>"; };
		EDECEBEF2534AD9A0059B9AE /* Base */ = {isa = PBXFileReference; lastKnownFileType = file.storyboard; name = Base; path = Base.lproj/Main.storyboard; sourceTree = "<group>"; };
		EDECEBF12534AD9E0059B9AE /* Assets.xcassets */ = {isa = PBXFileReference; lastKnownFileType = folder.assetcatalog; path = Assets.xcassets; sourceTree = "<group>"; };
		EDECEBF42534AD9E0059B9AE /* Base */ = {isa = PBXFileReference; lastKnownFileType = file.storyboard; name = Base; path = Base.lproj/LaunchScreen.storyboard; sourceTree = "<group>"; };
		EDECEBF62534AD9E0059B9AE /* Info.plist */ = {isa = PBXFileReference; lastKnownFileType = text.plist.xml; path = Info.plist; sourceTree = "<group>"; };
/* End PBXFileReference section */

/* Begin PBXFrameworksBuildPhase section */
		EDECEBE22534AD9A0059B9AE /* Frameworks */ = {
			isa = PBXFrameworksBuildPhase;
			buildActionMask = 2147483647;
			files = (
			);
			runOnlyForDeploymentPostprocessing = 0;
		};
/* End PBXFrameworksBuildPhase section */

/* Begin PBXGroup section */
		EDECEBDC2534AD9A0059B9AE = {
			isa = PBXGroup;
			children = (
				EDECEBE72534AD9A0059B9AE /* ControlWork */,
				EDECEBE62534AD9A0059B9AE /* Products */,
			);
			sourceTree = "<group>";
		};
		EDECEBE62534AD9A0059B9AE /* Products */ = {
			isa = PBXGroup;
			children = (
				EDECEBE52534AD9A0059B9AE /* ControlWork.app */,
			);
			name = Products;
			sourceTree = "<group>";
		};
		EDECEBE72534AD9A0059B9AE /* ControlWork */ = {
			isa = PBXGroup;
			children = (
				EDECEBE82534AD9A0059B9AE /* AppDelegate.swift */,
				EDECEBEA2534AD9A0059B9AE /* SceneDelegate.swift */,
				EDECEBEC2534AD9A0059B9AE /* ViewController.swift */,
				EDECEBEE2534AD9A0059B9AE /* Main.storyboard */,
				EDECEBF12534AD9E0059B9AE /* Assets.xcassets */,
				EDECEBF32534AD9E0059B9AE /* LaunchScreen.storyboard */,
				EDECEBF62534AD9E0059B9AE /* Info.plist */,
			);
			path = ControlWork;
			sourceTree = "<group>";
		};
/* End PBXGroup section */

/* Begin PBXNativeTarget section */
		EDECEBE42534AD9A0059B9AE /* ControlWork */ = {
			isa = PBXNativeTarget;
			buildConfigurationList = EDECEBF92534AD9E0059B9AE /* Build configuration list for PBXNativeTarget "ControlWork" */;
			buildPhases = (
				EDECEBE12534AD9A0059B9AE /* Sources */,
				EDECEBE22534AD9A0059B9AE /* Frameworks */,
				EDECEBE32534AD9A0059B9AE /* Resources */,
			);
			buildRules = (
			);
			dependencies = (
			);
			name = ControlWork;
			productName = ControlWork;
			productReference = EDECEBE52534AD9A0059B9AE /* ControlWork.app */;
			productType = "com.apple.product-type.application";
		};
/* End PBXNativeTarget section */

/* Begin PBXProject section */
		EDECEBDD2534AD9A0059B9AE /* Project object */ = {
			isa = PBXProject;
			attributes = {
				LastSwiftUpdateCheck = 1170;
				LastUpgradeCheck = 1170;
				ORGANIZATIONNAME = "Ruslan Khanov";
				TargetAttributes = {
					EDECEBE42534AD9A0059B9AE = {
						CreatedOnToolsVersion = 11.7;
					};
				};
			};
			buildConfigurationList = EDECEBE02534AD9A0059B9AE /* Build configuration list for PBXProject "ControlWork" */;
			compatibilityVersion = "Xcode 9.3";
			developmentRegion = en;
			hasScannedForEncodings = 0;
			knownRegions = (
				en,
				Base,
			);
			mainGroup = EDECEBDC2534AD9A0059B9AE;
			productRefGroup = EDECEBE62534AD9A0059B9AE /* Products */;
			projectDirPath = "";
			projectRoot = "";
			targets = (
				EDECEBE42534AD9A0059B9AE /* ControlWork */,
			);
		};
/* End PBXProject section */

/* Begin PBXResourcesBuildPhase section */
		EDECEBE32534AD9A0059B9AE /* Resources */ = {
			isa = PBXResourcesBuildPhase;
			buildActionMask = 2147483647;
			files = (
				EDECEBF52534AD9E0059B9AE /* LaunchScreen.storyboard in Resources */,
				EDECEBF22534AD9E0059B9AE /* Assets.xcassets in Resources */,
				EDECEBF02534AD9A0059B9AE /* Main.storyboard in Resources */,
			);
			runOnlyForDeploymentPostprocessing = 0;
		};
/* End PBXResourcesBuildPhase section */

/* Begin PBXSourcesBuildPhase section */
		EDECEBE12534AD9A0059B9AE /* Sources */ = {
			isa = PBXSourcesBuildPhase;
			buildActionMask = 2147483647;
			files = (
				EDECEBED2534AD9A0059B9AE /* ViewController.swift in Sources */,
				EDECEBE92534AD9A0059B9AE /* AppDelegate.swift in Sources */,
				EDECEBEB2534AD9A0059B9AE /* SceneDelegate.swift in Sources */,
			);
			runOnlyForDeploymentPostprocessing = 0;
		};
/* End PBXSourcesBuildPhase section */

/* Begin PBXVariantGroup section */
		EDECEBEE2534AD9A0059B9AE /* Main.storyboard */ = {
			isa = PBXVariantGroup;
			children = (
				EDECEBEF2534AD9A0059B9AE /* Base */,
			);
			name = Main.storyboard;
			sourceTree = "<group>";
		};
		EDECEBF32534AD9E0059B9AE /* LaunchScreen.storyboard */ = {
			isa = PBXVariantGroup;
			children = (
				EDECEBF42534AD9E0059B9AE /* Base */,
			);
			name = LaunchScreen.storyboard;
			sourceTree = "<group>";
		};
/* End PBXVariantGroup section */

/* Begin XCBuildConfiguration section */
		EDECEBF72534AD9E0059B9AE /* Debug */ = {
			isa = XCBuildConfiguration;
			buildSettings = {
				ALWAYS_SEARCH_USER_PATHS = NO;
				CLANG_ANALYZER_NONNULL = YES;
				CLANG_ANALYZER_NUMBER_OBJECT_CONVERSION = YES_AGGRESSIVE;
				CLANG_CXX_LANGUAGE_STANDARD = "gnu++14";
				CLANG_CXX_LIBRARY = "libc++";
				CLANG_ENABLE_MODULES = YES;
				CLANG_ENABLE_OBJC_ARC = YES;
				CLANG_ENABLE_OBJC_WEAK = YES;
				CLANG_WARN_BLOCK_CAPTURE_AUTORELEASING = YES;
				CLANG_WARN_BOOL_CONVERSION = YES;
				CLANG_WARN_COMMA = YES;
				CLANG_WARN_CONSTANT_CONVERSION = YES;
				CLANG_WARN_DEPRECATED_OBJC_IMPLEMENTATIONS = YES;
				CLANG_WARN_DIRECT_OBJC_ISA_USAGE = YES_ERROR;
				CLANG_WARN_DOCUMENTATION_COMMENTS = YES;
				CLANG_WARN_EMPTY_BODY = YES;
				CLANG_WARN_ENUM_CONVERSION = YES;
				CLANG_WARN_INFINITE_RECURSION = YES;
				CLANG_WARN_INT_CONVERSION = YES;
				CLANG_WARN_NON_LITERAL_NULL_CONVERSION = YES;
				CLANG_WARN_OBJC_IMPLICIT_RETAIN_SELF = YES;
				CLANG_WARN_OBJC_LITERAL_CONVERSION = YES;
				CLANG_WARN_OBJC_ROOT_CLASS = YES_ERROR;
				CLANG_WARN_RANGE_LOOP_ANALYSIS = YES;
				CLANG_WARN_STRICT_PROTOTYPES = YES;
				CLANG_WARN_SUSPICIOUS_MOVE = YES;
				CLANG_WARN_UNGUARDED_AVAILABILITY = YES_AGGRESSIVE;
				CLANG_WARN_UNREACHABLE_CODE = YES;
				CLANG_WARN__DUPLICATE_METHOD_MATCH = YES;
				COPY_PHASE_STRIP = NO;
				DEBUG_INFORMATION_FORMAT = dwarf;
				ENABLE_STRICT_OBJC_MSGSEND = YES;
				ENABLE_TESTABILITY = YES;
				GCC_C_LANGUAGE_STANDARD = gnu11;
				GCC_DYNAMIC_NO_PIC = NO;
				GCC_NO_COMMON_BLOCKS = YES;
				GCC_OPTIMIZATION_LEVEL = 0;
				GCC_PREPROCESSOR_DEFINITIONS = (
					"DEBUG=1",
					"$(inherited)",
				);
				GCC_WARN_64_TO_32_BIT_CONVERSION = YES;
				GCC_WARN_ABOUT_RETURN_TYPE = YES_ERROR;
				GCC_WARN_UNDECLARED_SELECTOR = YES;
				GCC_WARN_UNINITIALIZED_AUTOS = YES_AGGRESSIVE;
				GCC_WARN_UNUSED_FUNCTION = YES;
				GCC_WARN_UNUSED_VARIABLE = YES;
				IPHONEOS_DEPLOYMENT_TARGET = 13.7;
				MTL_ENABLE_DEBUG_INFO = INCLUDE_SOURCE;
				MTL_FAST_MATH = YES;
				ONLY_ACTIVE_ARCH = YES;
				SDKROOT = iphoneos;
				SWIFT_ACTIVE_COMPILATION_CONDITIONS = DEBUG;
				SWIFT_OPTIMIZATION_LEVEL = "-Onone";
			};
			name = Debug;
		};
		EDECEBF82534AD9E0059B9AE /* Release */ = {
			isa = XCBuildConfiguration;
			buildSettings = {
				ALWAYS_SEARCH_USER_PATHS = NO;
				CLANG_ANALYZER_NONNULL = YES;
				CLANG_ANALYZER_NUMBER_OBJECT_CONVERSION = YES_AGGRESSIVE;
				CLANG_CXX_LANGUAGE_STANDARD = "gnu++14";
				CLANG_CXX_LIBRARY = "libc++";
				CLANG_ENABLE_MODULES = YES;
				CLANG_ENABLE_OBJC_ARC = YES;
				CLANG_ENABLE_OBJC_WEAK = YES;
				CLANG_WARN_BLOCK_CAPTURE_AUTORELEASING = YES;
				CLANG_WARN_BOOL_CONVERSION = YES;
				CLANG_WARN_COMMA = YES;
				CLANG_WARN_CONSTANT_CONVERSION = YES;
				CLANG_WARN_DEPRECATED_OBJC_IMPLEMENTATIONS = YES;
				CLANG_WARN_DIRECT_OBJC_ISA_USAGE = YES_ERROR;
				CLANG_WARN_DOCUMENTATION_COMMENTS = YES;
				CLANG_WARN_EMPTY_BODY = YES;
				CLANG_WARN_ENUM_CONVERSION = YES;
				CLANG_WARN_INFINITE_RECURSION = YES;
				CLANG_WARN_INT_CONVERSION = YES;
				CLANG_WARN_NON_LITERAL_NULL_CONVERSION = YES;
				CLANG_WARN_OBJC_IMPLICIT_RETAIN_SELF = YES;
				CLANG_WARN_OBJC_LITERAL_CONVERSION = YES;
				CLANG_WARN_OBJC_ROOT_CLASS = YES_ERROR;
				CLANG_WARN_RANGE_LOOP_ANALYSIS = YES;
				CLANG_WARN_STRICT_PROTOTYPES = YES;
				CLANG_WARN_SUSPICIOUS_MOVE = YES;
				CLANG_WARN_UNGUARDED_AVAILABILITY = YES_AGGRESSIVE;
				CLANG_WARN_UNREACHABLE_CODE = YES;
				CLANG_WARN__DUPLICATE_METHOD_MATCH = YES;
				COPY_PHASE_STRIP = NO;
				DEBUG_INFORMATION_FORMAT = "dwarf-with-dsym";
				ENABLE_NS_ASSERTIONS = NO;
				ENABLE_STRICT_OBJC_MSGSEND = YES;
				GCC_C_LANGUAGE_STANDARD = gnu11;
				GCC_NO_COMMON_BLOCKS = YES;
				GCC_WARN_64_TO_32_BIT_CONVERSION = YES;
				GCC_WARN_ABOUT_RETURN_TYPE = YES_ERROR;
				GCC_WARN_UNDECLARED_SELECTOR = YES;
				GCC_WARN_UNINITIALIZED_AUTOS = YES_AGGRESSIVE;
				GCC_WARN_UNUSED_FUNCTION = YES;
				GCC_WARN_UNUSED_VARIABLE = YES;
				IPHONEOS_DEPLOYMENT_TARGET = 13.7;
				MTL_ENABLE_DEBUG_INFO = NO;
				MTL_FAST_MATH = YES;
				SDKROOT = iphoneos;
				SWIFT_COMPILATION_MODE = wholemodule;
				SWIFT_OPTIMIZATION_LEVEL = "-O";
				VALIDATE_PRODUCT = YES;
			};
			name = Release;
		};
		EDECEBFA2534AD9E0059B9AE /* Debug */ = {
			isa = XCBuildConfiguration;
			buildSettings = {
				ASSETCATALOG_COMPILER_APPICON_NAME = AppIcon;
				CODE_SIGN_STYLE = Automatic;
				INFOPLIST_FILE = ControlWork/Info.plist;
				LD_RUNPATH_SEARCH_PATHS = (
					"$(inherited)",
					"@executable_path/Frameworks",
				);
				PRODUCT_BUNDLE_IDENTIFIER = "ruslan-khanov.ControlWork";
				PRODUCT_NAME = "$(TARGET_NAME)";
				SWIFT_VERSION = 5.0;
				TARGETED_DEVICE_FAMILY = "1,2";
			};
			name = Debug;
		};
		EDECEBFB2534AD9E0059B9AE /* Release */ = {
			isa = XCBuildConfiguration;
			buildSettings = {
				ASSETCATALOG_COMPILER_APPICON_NAME = AppIcon;
				CODE_SIGN_STYLE = Automatic;
				INFOPLIST_FILE = ControlWork/Info.plist;
				LD_RUNPATH_SEARCH_PATHS = (
					"$(inherited)",
					"@executable_path/Frameworks",
				);
				PRODUCT_BUNDLE_IDENTIFIER = "ruslan-khanov.ControlWork";
				PRODUCT_NAME = "$(TARGET_NAME)";
				SWIFT_VERSION = 5.0;
				TARGETED_DEVICE_FAMILY = "1,2";
			};
			name = Release;
		};
/* End XCBuildConfiguration section */

/* Begin XCConfigurationList section */
		EDECEBE02534AD9A0059B9AE /* Build configuration list for PBXProject "ControlWork" */ = {
			isa = XCConfigurationList;
			buildConfigurations = (
				EDECEBF72534AD9E0059B9AE /* Debug */,
				EDECEBF82534AD9E0059B9AE /* Release */,
			);
			defaultConfigurationIsVisible = 0;
			defaultConfigurationName = Release;
		};
		EDECEBF92534AD9E0059B9AE /* Build configuration list for PBXNativeTarget "ControlWork" */ = {
			isa = XCConfigurationList;
			buildConfigurations = (
				EDECEBFA2534AD9E0059B9AE /* Debug */,
				EDECEBFB2534AD9E0059B9AE /* Release */,
			);
			defaultConfigurationIsVisible = 0;
			defaultConfigurationName = Release;
		};
/* End XCConfigurationList section */
	};
	rootObject = EDECEBDD2534AD9A0059B9AE /* Project object */;
}
